
Microsoft Visual Studio Solution File, Format Version 12.00
# Visual Studio Version 17
VisualStudioVersion = 17.14.36518.9 d17.14
MinimumVisualStudioVersion = 10.0.40219.1
Project("{FAE04EC0-301F-11D3-BF4B-00C04F79EFBC}") = "TP5_ExceptionHandling", "TP5_ExceptionHandling.csproj", "{0CB4F042-F63C-42A9-9B41-5951EED2C86C}"
EndProject
Global
	GlobalSection(SolutionConfigurationPlatforms) = preSolution
		Debug|Any CPU = Debug|Any CPU
		Release|Any CPU = Release|Any CPU
	EndGlobalSection
	GlobalSection(ProjectConfigurationPlatforms) = postSolution
		{0CB4F042-F63C-42A9-9B41-5951EED2C86C}.Debug|Any CPU.ActiveCfg = Debug|Any CPU
		{0CB4F042-F63C-42A9-9B41-5951EED2C86C}.Debug|Any CPU.Build.0 = Debug|Any CPU
		{0CB4F042-F63C-42A9-9B41-5951EED2C86C}.Release|Any CPU.ActiveCfg = Release|Any CPU
		{0CB4F042-F63C-42A9-9B41-5951EED2C86C}.Release|Any CPU.Build.0 = Release|Any CPU
	EndGlobalSection
	GlobalSection(SolutionProperties) = preSolution
		HideSolutionNode = FALSE
	EndGlobalSection
	GlobalSection(ExtensibilityGlobals) = postSolution
		SolutionGuid = {80A3995F-FAF4-448A-B132-9EF844AD7C4C}
	EndGlobalSection
EndGlobal
